
Microsoft Visual Studio Solution File, Format Version 12.00
# Visual Studio 15
VisualStudioVersion = 15.0.28010.2016
MinimumVisualStudioVersion = 10.0.40219.1
Project("{8BC9CEB8-8B4A-11D0-8D11-00A0C91BC942}") = "Project 1 (Part A)", "Project 1 (Part A)\Project 1 (Part A).vcxproj", "{2F6DD3BC-F367-4A57-B372-1B929B5A8B83}"
EndProject
Global
	GlobalSection(SolutionConfigurationPlatforms) = preSolution
		Debug|x64 = Debug|x64
		Debug|x86 = Debug|x86
		Release|x64 = Release|x64
		Release|x86 = Release|x86
	EndGlobalSection
		{2F6DD3BC-F367-4A57-B372-1B929B5A8B83}.Debug|x64.ActiveCfg = Debug|x64
		{2F6DD3BC-F367-4A57-B372-1B929B5A8B83}.Debug|x64.Build.0 = Debug|x64
		{2F6DD3BC-F367-4A57-B372-1B929B5A8B83}.Debug|x86.ActiveCfg = Debug|Win32
		{2F6DD3BC-F367-4A57-B372-1B929B5A8B83}.Debug|x86.Build.0 = Debug|Win32
		{2F6DD3BC-F367-4A57-B372-1B929B5A8B83}.Release|x64.ActiveCfg = Release|x64
		{2F6DD3BC-F367-4A57-B372-1B929B5A8B83}.Release|x64.Build.0 = Release|x64
		{2F6DD3BC-F367-4A57-B372-1B929B5A8B83}.Release|x86.ActiveCfg = Release|Win32
		{2F6DD3BC-F367-4A57-B372-1B929B5A8B83}.Release|x86.Build.0 = Release|Win32
	EndGlobalSection
	GlobalSection(SolutionProperties) = preSolution
		HideSolutionNode = FALSE
	EndGlobalSection
	GlobalSection(ExtensibilityGlobals) = postSolution
		SolutionGuid = {3B679E2D-758A-4545-9DE3-C9CC817B595A}
	EndGlobalSection
EndGlobal
