
Microsoft Visual Studio Solution File, Format Version 12.00
# Visual Studio 15
VisualStudioVersion = 15.0.28010.2036
MinimumVisualStudioVersion = 10.0.40219.1
Project("{8BC9CEB8-8B4A-11D0-8D11-00A0C91BC942}") = "Project 1 (Part C)", "Project 1 (Part C)\Project 1 (Part C).vcxproj", "{D8D7E884-687F-4C1A-98CA-444D2C422095}"
EndProject
Global
	GlobalSection(SolutionConfigurationPlatforms) = preSolution
		Debug|x64 = Debug|x64
		Debug|x86 = Debug|x86
		Release|x64 = Release|x64
		Release|x86 = Release|x86
	EndGlobalSection
	GlobalSection(ProjectConfigurationPlatforms) = postSolution
		{D8D7E884-687F-4C1A-98CA-444D2C422095}.Debug|x64.ActiveCfg = Debug|x64
		{D8D7E884-687F-4C1A-98CA-444D2C422095}.Debug|x64.Build.0 = Debug|x64
		{D8D7E884-687F-4C1A-98CA-444D2C422095}.Debug|x86.ActiveCfg = Debug|Win32
		{D8D7E884-687F-4C1A-98CA-444D2C422095}.Debug|x86.Build.0 = Debug|Win32
		{D8D7E884-687F-4C1A-98CA-444D2C422095}.Release|x64.ActiveCfg = Release|x64
		{D8D7E884-687F-4C1A-98CA-444D2C422095}.Release|x64.Build.0 = Release|x64
		{D8D7E884-687F-4C1A-98CA-444D2C422095}.Release|x86.ActiveCfg = Release|Win32
		{D8D7E884-687F-4C1A-98CA-444D2C422095}.Release|x86.Build.0 = Release|Win32
	EndGlobalSection
	GlobalSection(SolutionProperties) = preSolution
		HideSolutionNode = FALSE
	EndGlobalSection
	GlobalSection(ExtensibilityGlobals) = postSolution
		SolutionGuid = {9C451936-B4D3-40A4-8EE6-73CBA03D5342}
	EndGlobalSection
EndGlobal
